
Microsoft Visual Studio Solution File, Format Version 12.00
# Visual Studio Version 17
VisualStudioVersion = 17.7.34003.232
MinimumVisualStudioVersion = 10.0.40219.1
Project("{9A19103F-16F7-4668-BE54-9A1E7A4F7556}") = "DiscScriptCLI", "DiscScriptCLI.csproj", "{AFD3AC99-2DB4-4E2E-B442-2097B3639D26}"
EndProject
Project("{9A19103F-16F7-4668-BE54-9A1E7A4F7556}") = "Example", "..\Example\Example.csproj", "{39AFEEF1-F611-46D0-9BEB-BF91892F9C4C}"
EndProject
Project("{9A19103F-16F7-4668-BE54-9A1E7A4F7556}") = "DiscScriptLib", "..\DSLib\DiscScriptLib.csproj", "{E940592A-D6BF-407A-B27E-CDD186B721B7}"
EndProject
Project("{9A19103F-16F7-4668-BE54-9A1E7A4F7556}") = "DiscScriptTest", "..\DSTest\DiscScriptTest.csproj", "{6638467A-D8EE-4100-8062-CFEC58B776B2}"
EndProject
Global
	GlobalSection(SolutionConfigurationPlatforms) = preSolution
		Debug|Any CPU = Debug|Any CPU
		Release|Any CPU = Release|Any CPU
	EndGlobalSection
	GlobalSection(ProjectConfigurationPlatforms) = postSolution
		{AFD3AC99-2DB4-4E2E-B442-2097B3639D26}.Debug|Any CPU.ActiveCfg = Release|Any CPU
		{AFD3AC99-2DB4-4E2E-B442-2097B3639D26}.Debug|Any CPU.Build.0 = Release|Any CPU
		{AFD3AC99-2DB4-4E2E-B442-2097B3639D26}.Release|Any CPU.ActiveCfg = Debug|Any CPU
		{AFD3AC99-2DB4-4E2E-B442-2097B3639D26}.Release|Any CPU.Build.0 = Debug|Any CPU
		{39AFEEF1-F611-46D0-9BEB-BF91892F9C4C}.Debug|Any CPU.ActiveCfg = Debug|Any CPU
		{39AFEEF1-F611-46D0-9BEB-BF91892F9C4C}.Debug|Any CPU.Build.0 = Debug|Any CPU
		{39AFEEF1-F611-46D0-9BEB-BF91892F9C4C}.Release|Any CPU.ActiveCfg = Release|Any CPU
		{39AFEEF1-F611-46D0-9BEB-BF91892F9C4C}.Release|Any CPU.Build.0 = Release|Any CPU
		{E940592A-D6BF-407A-B27E-CDD186B721B7}.Debug|Any CPU.ActiveCfg = Debug|Any CPU
		{E940592A-D6BF-407A-B27E-CDD186B721B7}.Debug|Any CPU.Build.0 = Debug|Any CPU
		{E940592A-D6BF-407A-B27E-CDD186B721B7}.Release|Any CPU.ActiveCfg = Release|Any CPU
		{E940592A-D6BF-407A-B27E-CDD186B721B7}.Release|Any CPU.Build.0 = Release|Any CPU
		{6638467A-D8EE-4100-8062-CFEC58B776B2}.Debug|Any CPU.ActiveCfg = Debug|Any CPU
		{6638467A-D8EE-4100-8062-CFEC58B776B2}.Debug|Any CPU.Build.0 = Debug|Any CPU
		{6638467A-D8EE-4100-8062-CFEC58B776B2}.Release|Any CPU.ActiveCfg = Release|Any CPU
		{6638467A-D8EE-4100-8062-CFEC58B776B2}.Release|Any CPU.Build.0 = Release|Any CPU
	EndGlobalSection
	GlobalSection(SolutionProperties) = preSolution
		HideSolutionNode = FALSE
	EndGlobalSection
	GlobalSection(ExtensibilityGlobals) = postSolution
		SolutionGuid = {E712F175-98E1-4C7F-97EE-71E2F3038701}
	EndGlobalSection
EndGlobal
